{
  "name": "structural",
  "version": "1.0.0",
  "lockfileVersion": 2,
  "requires": true,
  "packages": {
    "": {
      "name": "structural",
      "version": "1.0.0",
      "license": "ISC",
      "dependencies": {
        "drawille": "^1.1.1"
      }
    },
    "node_modules/drawille": {
      "version": "1.1.1",
      "resolved": "https://registry.npmjs.org/drawille/-/drawille-1.1.1.tgz",
      "integrity": "sha512-4w8K9vgWxvLS4BqRD6NQW4eB7BHqvFDH8vnY9cU6OufO4O5mBAzv7WjJFZoRKE2zD2F+p27RAho9KoaGWIm5Ww=="
    }
  },
  "dependencies": {
    "drawille": {
      "version": "1.1.1",
      "resolved": "https://registry.npmjs.org/drawille/-/drawille-1.1.1.tgz",
      "integrity": "sha512-4w8K9vgWxvLS4BqRD6NQW4eB7BHqvFDH8vnY9cU6OufO4O5mBAzv7WjJFZoRKE2zD2F+p27RAho9KoaGWIm5Ww=="
    }
  }
}
